
Microsoft Visual Studio Solution File, Format Version 12.00
# Visual Studio Version 17
VisualStudioVersion = 17.1.32210.238
MinimumVisualStudioVersion = 10.0.40219.1
Project("{FAE04EC0-301F-11D3-BF4B-00C04F79EFBC}") = "1-Presentacion", "1-Presentacion\1-Presentacion.csproj", "{C796343D-E4D3-4A24-9E8C-DCA8FF6B9420}"
EndProject
Project("{FAE04EC0-301F-11D3-BF4B-00C04F79EFBC}") = "2-Logica", "2-Logica\2-Logica.csproj", "{94755CC8-9471-4F28-8167-5C7F1688B1BA}"
EndProject
Project("{FAE04EC0-301F-11D3-BF4B-00C04F79EFBC}") = "3-Acceso Datos", "3-Acceso Datos\3-Acceso Datos.csproj", "{0A5C22D2-B9E7-4A03-AEAE-AC9870D9D08D}"
EndProject
Project("{FAE04EC0-301F-11D3-BF4B-00C04F79EFBC}") = "4-Entidades", "4-Entidades\4-Entidades.csproj", "{2F8C0991-A95F-4B04-B27A-BC5DD695B0A0}"
EndProject
Global
	GlobalSection(SolutionConfigurationPlatforms) = preSolution
		Debug|Any CPU = Debug|Any CPU
		Release|Any CPU = Release|Any CPU
	EndGlobalSection
	GlobalSection(ProjectConfigurationPlatforms) = postSolution
		{C796343D-E4D3-4A24-9E8C-DCA8FF6B9420}.Debug|Any CPU.ActiveCfg = Debug|Any CPU
		{C796343D-E4D3-4A24-9E8C-DCA8FF6B9420}.Debug|Any CPU.Build.0 = Debug|Any CPU
		{C796343D-E4D3-4A24-9E8C-DCA8FF6B9420}.Release|Any CPU.ActiveCfg = Release|Any CPU
		{C796343D-E4D3-4A24-9E8C-DCA8FF6B9420}.Release|Any CPU.Build.0 = Release|Any CPU
		{94755CC8-9471-4F28-8167-5C7F1688B1BA}.Debug|Any CPU.ActiveCfg = Debug|Any CPU
		{94755CC8-9471-4F28-8167-5C7F1688B1BA}.Debug|Any CPU.Build.0 = Debug|Any CPU
		{94755CC8-9471-4F28-8167-5C7F1688B1BA}.Release|Any CPU.ActiveCfg = Release|Any CPU
		{94755CC8-9471-4F28-8167-5C7F1688B1BA}.Release|Any CPU.Build.0 = Release|Any CPU
		{0A5C22D2-B9E7-4A03-AEAE-AC9870D9D08D}.Debug|Any CPU.ActiveCfg = Debug|Any CPU
		{0A5C22D2-B9E7-4A03-AEAE-AC9870D9D08D}.Debug|Any CPU.Build.0 = Debug|Any CPU
		{0A5C22D2-B9E7-4A03-AEAE-AC9870D9D08D}.Release|Any CPU.ActiveCfg = Release|Any CPU
		{0A5C22D2-B9E7-4A03-AEAE-AC9870D9D08D}.Release|Any CPU.Build.0 = Release|Any CPU
		{2F8C0991-A95F-4B04-B27A-BC5DD695B0A0}.Debug|Any CPU.ActiveCfg = Debug|Any CPU
		{2F8C0991-A95F-4B04-B27A-BC5DD695B0A0}.Debug|Any CPU.Build.0 = Debug|Any CPU
		{2F8C0991-A95F-4B04-B27A-BC5DD695B0A0}.Release|Any CPU.ActiveCfg = Release|Any CPU
		{2F8C0991-A95F-4B04-B27A-BC5DD695B0A0}.Release|Any CPU.Build.0 = Release|Any CPU
	EndGlobalSection
	GlobalSection(SolutionProperties) = preSolution
		HideSolutionNode = FALSE
	EndGlobalSection
	GlobalSection(ExtensibilityGlobals) = postSolution
		SolutionGuid = {8A20723F-787C-40E5-9B10-410B62C771FD}
	EndGlobalSection
EndGlobal
